
Microsoft Visual Studio Solution File, Format Version 12.00
# Visual Studio Version 17
VisualStudioVersion = 17.10.34928.147
MinimumVisualStudioVersion = 10.0.40219.1
Project("{9A19103F-16F7-4668-BE54-9A1E7A4F7556}") = "Exercicio2", "Exercicio2\Exercicio2.csproj", "{24E02EC6-4267-40AA-ABF9-C3C4EFF2C886}"
EndProject
Project("{9A19103F-16F7-4668-BE54-9A1E7A4F7556}") = "Exercicio3", "Exercicio3\Exercicio3.csproj", "{3D401F09-030B-42EA-AE98-3064A29DE9A6}"
EndProject
Project("{9A19103F-16F7-4668-BE54-9A1E7A4F7556}") = "Exercicio4", "Exercicio4\Exercicio4.csproj", "{AF192904-F45D-4461-B312-615338764AC4}"
EndProject
Project("{9A19103F-16F7-4668-BE54-9A1E7A4F7556}") = "Exercicio5", "Exercicio5\Exercicio5.csproj", "{4CC50FA5-617E-4F99-BBC2-CD98575A491A}"
EndProject
Project("{9A19103F-16F7-4668-BE54-9A1E7A4F7556}") = "Exercicio6", "Exercicio6\Exercicio6.csproj", "{AA7D71C7-1D43-4D56-8B3E-828F7110922F}"
EndProject
Project("{9A19103F-16F7-4668-BE54-9A1E7A4F7556}") = "Exercicio7", "Exercicio7\Exercicio7.csproj", "{679B60D7-4858-41E1-B9B9-78B894C46FB2}"
EndProject
Project("{9A19103F-16F7-4668-BE54-9A1E7A4F7556}") = "Exercicio8", "Exercicio8\Exercicio8.csproj", "{7CE819FD-EC6E-4875-875E-921D9E42FB39}"
EndProject
Project("{FAE04EC0-301F-11D3-BF4B-00C04F79EFBC}") = "Exercício1", "Exercício1\Exercício1.csproj", "{99D74018-71B4-4457-AE4D-48CF26FB1FA4}"
EndProject
Global
	GlobalSection(SolutionConfigurationPlatforms) = preSolution
		Debug|Any CPU = Debug|Any CPU
		Release|Any CPU = Release|Any CPU
	EndGlobalSection
	GlobalSection(ProjectConfigurationPlatforms) = postSolution
		{24E02EC6-4267-40AA-ABF9-C3C4EFF2C886}.Debug|Any CPU.ActiveCfg = Debug|Any CPU
		{24E02EC6-4267-40AA-ABF9-C3C4EFF2C886}.Debug|Any CPU.Build.0 = Debug|Any CPU
		{24E02EC6-4267-40AA-ABF9-C3C4EFF2C886}.Release|Any CPU.ActiveCfg = Release|Any CPU
		{24E02EC6-4267-40AA-ABF9-C3C4EFF2C886}.Release|Any CPU.Build.0 = Release|Any CPU
		{3D401F09-030B-42EA-AE98-3064A29DE9A6}.Debug|Any CPU.ActiveCfg = Debug|Any CPU
		{3D401F09-030B-42EA-AE98-3064A29DE9A6}.Debug|Any CPU.Build.0 = Debug|Any CPU
		{3D401F09-030B-42EA-AE98-3064A29DE9A6}.Release|Any CPU.ActiveCfg = Release|Any CPU
		{3D401F09-030B-42EA-AE98-3064A29DE9A6}.Release|Any CPU.Build.0 = Release|Any CPU
		{AF192904-F45D-4461-B312-615338764AC4}.Debug|Any CPU.ActiveCfg = Debug|Any CPU
		{AF192904-F45D-4461-B312-615338764AC4}.Debug|Any CPU.Build.0 = Debug|Any CPU
		{AF192904-F45D-4461-B312-615338764AC4}.Release|Any CPU.ActiveCfg = Release|Any CPU
		{AF192904-F45D-4461-B312-615338764AC4}.Release|Any CPU.Build.0 = Release|Any CPU
		{4CC50FA5-617E-4F99-BBC2-CD98575A491A}.Debug|Any CPU.ActiveCfg = Debug|Any CPU
		{4CC50FA5-617E-4F99-BBC2-CD98575A491A}.Debug|Any CPU.Build.0 = Debug|Any CPU
		{4CC50FA5-617E-4F99-BBC2-CD98575A491A}.Release|Any CPU.ActiveCfg = Release|Any CPU
		{4CC50FA5-617E-4F99-BBC2-CD98575A491A}.Release|Any CPU.Build.0 = Release|Any CPU
		{AA7D71C7-1D43-4D56-8B3E-828F7110922F}.Debug|Any CPU.ActiveCfg = Debug|Any CPU
		{AA7D71C7-1D43-4D56-8B3E-828F7110922F}.Debug|Any CPU.Build.0 = Debug|Any CPU
		{AA7D71C7-1D43-4D56-8B3E-828F7110922F}.Release|Any CPU.ActiveCfg = Release|Any CPU
		{AA7D71C7-1D43-4D56-8B3E-828F7110922F}.Release|Any CPU.Build.0 = Release|Any CPU
		{679B60D7-4858-41E1-B9B9-78B894C46FB2}.Debug|Any CPU.ActiveCfg = Debug|Any CPU
		{679B60D7-4858-41E1-B9B9-78B894C46FB2}.Debug|Any CPU.Build.0 = Debug|Any CPU
		{679B60D7-4858-41E1-B9B9-78B894C46FB2}.Release|Any CPU.ActiveCfg = Release|Any CPU
		{679B60D7-4858-41E1-B9B9-78B894C46FB2}.Release|Any CPU.Build.0 = Release|Any CPU
		{7CE819FD-EC6E-4875-875E-921D9E42FB39}.Debug|Any CPU.ActiveCfg = Debug|Any CPU
		{7CE819FD-EC6E-4875-875E-921D9E42FB39}.Debug|Any CPU.Build.0 = Debug|Any CPU
		{7CE819FD-EC6E-4875-875E-921D9E42FB39}.Release|Any CPU.ActiveCfg = Release|Any CPU
		{7CE819FD-EC6E-4875-875E-921D9E42FB39}.Release|Any CPU.Build.0 = Release|Any CPU
		{99D74018-71B4-4457-AE4D-48CF26FB1FA4}.Debug|Any CPU.ActiveCfg = Debug|Any CPU
		{99D74018-71B4-4457-AE4D-48CF26FB1FA4}.Debug|Any CPU.Build.0 = Debug|Any CPU
		{99D74018-71B4-4457-AE4D-48CF26FB1FA4}.Release|Any CPU.ActiveCfg = Release|Any CPU
		{99D74018-71B4-4457-AE4D-48CF26FB1FA4}.Release|Any CPU.Build.0 = Release|Any CPU
	EndGlobalSection
	GlobalSection(SolutionProperties) = preSolution
		HideSolutionNode = FALSE
	EndGlobalSection
	GlobalSection(ExtensibilityGlobals) = postSolution
		SolutionGuid = {4C147EE5-9681-487B-AA8B-2AB9D46AA778}
	EndGlobalSection
EndGlobal
